// !$*UTF8*$!
{
	archiveVersion = 1;
	classes = {
	};
	objectVersion = 50;
	objects = {

/* Begin PBXBuildFile section */
		316F3926222543E700364CA0 /* ConcentrationGame.swift in Sources */ = {isa = PBXBuildFile; fileRef = 316F3924222543E700364CA0 /* ConcentrationGame.swift */; };
		316F3928222544D700364CA0 /* ConcentrationViewController.swift in Sources */ = {isa = PBXBuildFile; fileRef = 316F3927222544D700364CA0 /* ConcentrationViewController.swift */; };
		316F392E2225472800364CA0 /* ConcentrationCard.swift in Sources */ = {isa = PBXBuildFile; fileRef = 316F392D2225472800364CA0 /* ConcentrationCard.swift */; };
		317F5DB5220578F400377DC9 /* AppDelegate.swift in Sources */ = {isa = PBXBuildFile; fileRef = 317F5DB4220578F400377DC9 /* AppDelegate.swift */; };
		317F5DB7220578F400377DC9 /* SetViewController.swift in Sources */ = {isa = PBXBuildFile; fileRef = 317F5DB6220578F400377DC9 /* SetViewController.swift */; };
		317F5DBA220578F400377DC9 /* Main.storyboard in Resources */ = {isa = PBXBuildFile; fileRef = 317F5DB8220578F400377DC9 /* Main.storyboard */; };
		317F5DBC220578F500377DC9 /* Assets.xcassets in Resources */ = {isa = PBXBuildFile; fileRef = 317F5DBB220578F500377DC9 /* Assets.xcassets */; };
		317F5DBF220578F500377DC9 /* LaunchScreen.storyboard in Resources */ = {isa = PBXBuildFile; fileRef = 317F5DBD220578F500377DC9 /* LaunchScreen.storyboard */; };
		317F5DC92205792800377DC9 /* SetCard.swift in Sources */ = {isa = PBXBuildFile; fileRef = 317F5DC62205792800377DC9 /* SetCard.swift */; };
		317F5DCA2205792800377DC9 /* Grid.swift in Sources */ = {isa = PBXBuildFile; fileRef = 317F5DC72205792800377DC9 /* Grid.swift */; };
		317F5DCB2205792800377DC9 /* SetGame.swift in Sources */ = {isa = PBXBuildFile; fileRef = 317F5DC82205792800377DC9 /* SetGame.swift */; };
		317F5DCD220579E300377DC9 /* SetCardView.swift in Sources */ = {isa = PBXBuildFile; fileRef = 317F5DCC220579E300377DC9 /* SetCardView.swift */; };
		31C13E38222B6A28005A0AE6 /* ConcentrationThemeChooserViewController.swift in Sources */ = {isa = PBXBuildFile; fileRef = 31C13E37222B6A28005A0AE6 /* ConcentrationThemeChooserViewController.swift */; };
		31DEF1D6220C262E0096B1D7 /* SetGridView.swift in Sources */ = {isa = PBXBuildFile; fileRef = 31DEF1D5220C262E0096B1D7 /* SetGridView.swift */; };
/* End PBXBuildFile section */

/* Begin PBXFileReference section */
		316F3924222543E700364CA0 /* ConcentrationGame.swift */ = {isa = PBXFileReference; fileEncoding = 4; lastKnownFileType = sourcecode.swift; path = ConcentrationGame.swift; sourceTree = "<group>"; };
		316F3927222544D700364CA0 /* ConcentrationViewController.swift */ = {isa = PBXFileReference; lastKnownFileType = sourcecode.swift; path = ConcentrationViewController.swift; sourceTree = "<group>"; };
		316F392D2225472800364CA0 /* ConcentrationCard.swift */ = {isa = PBXFileReference; lastKnownFileType = sourcecode.swift; path = ConcentrationCard.swift; sourceTree = "<group>"; };
		317F5DB1220578F400377DC9 /* set3.app */ = {isa = PBXFileReference; explicitFileType = wrapper.application; includeInIndex = 0; path = set3.app; sourceTree = BUILT_PRODUCTS_DIR; };
		317F5DB4220578F400377DC9 /* AppDelegate.swift */ = {isa = PBXFileReference; lastKnownFileType = sourcecode.swift; path = AppDelegate.swift; sourceTree = "<group>"; };
		317F5DB6220578F400377DC9 /* SetViewController.swift */ = {isa = PBXFileReference; lastKnownFileType = sourcecode.swift; path = SetViewController.swift; sourceTree = "<group>"; };
		317F5DB9220578F400377DC9 /* Base */ = {isa = PBXFileReference; lastKnownFileType = file.storyboard; name = Base; path = Base.lproj/Main.storyboard; sourceTree = "<group>"; };
		317F5DBB220578F500377DC9 /* Assets.xcassets */ = {isa = PBXFileReference; lastKnownFileType = folder.assetcatalog; path = Assets.xcassets; sourceTree = "<group>"; };
		317F5DBE220578F500377DC9 /* Base */ = {isa = PBXFileReference; lastKnownFileType = file.storyboard; name = Base; path = Base.lproj/LaunchScreen.storyboard; sourceTree = "<group>"; };
		317F5DC0220578F500377DC9 /* Info.plist */ = {isa = PBXFileReference; lastKnownFileType = text.plist.xml; path = Info.plist; sourceTree = "<group>"; };
		317F5DC62205792800377DC9 /* SetCard.swift */ = {isa = PBXFileReference; fileEncoding = 4; lastKnownFileType = sourcecode.swift; path = SetCard.swift; sourceTree = "<group>"; };
		317F5DC72205792800377DC9 /* Grid.swift */ = {isa = PBXFileReference; fileEncoding = 4; lastKnownFileType = sourcecode.swift; path = Grid.swift; sourceTree = "<group>"; };
		317F5DC82205792800377DC9 /* SetGame.swift */ = {isa = PBXFileReference; fileEncoding = 4; lastKnownFileType = sourcecode.swift; path = SetGame.swift; sourceTree = "<group>"; };
		317F5DCC220579E300377DC9 /* SetCardView.swift */ = {isa = PBXFileReference; lastKnownFileType = sourcecode.swift; path = SetCardView.swift; sourceTree = "<group>"; };
		31C13E37222B6A28005A0AE6 /* ConcentrationThemeChooserViewController.swift */ = {isa = PBXFileReference; lastKnownFileType = sourcecode.swift; path = ConcentrationThemeChooserViewController.swift; sourceTree = "<group>"; };
		31DEF1D5220C262E0096B1D7 /* SetGridView.swift */ = {isa = PBXFileReference; lastKnownFileType = sourcecode.swift; path = SetGridView.swift; sourceTree = "<group>"; };
/* End PBXFileReference section */

/* Begin PBXFrameworksBuildPhase section */
		317F5DAE220578F400377DC9 /* Frameworks */ = {
			isa = PBXFrameworksBuildPhase;
			buildActionMask = 2147483647;
			files = (
			);
			runOnlyForDeploymentPostprocessing = 0;
		};
/* End PBXFrameworksBuildPhase section */

/* Begin PBXGroup section */
		317F5DA8220578F400377DC9 = {
			isa = PBXGroup;
			children = (
				317F5DB3220578F400377DC9 /* set3 */,
				317F5DB2220578F400377DC9 /* Products */,
			);
			sourceTree = "<group>";
		};
		317F5DB2220578F400377DC9 /* Products */ = {
			isa = PBXGroup;
			children = (
				317F5DB1220578F400377DC9 /* set3.app */,
			);
			name = Products;
			sourceTree = "<group>";
		};
		317F5DB3220578F400377DC9 /* set3 */ = {
			isa = PBXGroup;
			children = (
				316F392D2225472800364CA0 /* ConcentrationCard.swift */,
				316F3924222543E700364CA0 /* ConcentrationGame.swift */,
				316F3927222544D700364CA0 /* ConcentrationViewController.swift */,
				31C13E37222B6A28005A0AE6 /* ConcentrationThemeChooserViewController.swift */,
				317F5DC62205792800377DC9 /* SetCard.swift */,
				317F5DC72205792800377DC9 /* Grid.swift */,
				317F5DC82205792800377DC9 /* SetGame.swift */,
				317F5DB4220578F400377DC9 /* AppDelegate.swift */,
				317F5DB6220578F400377DC9 /* SetViewController.swift */,
				317F5DB8220578F400377DC9 /* Main.storyboard */,
				317F5DBB220578F500377DC9 /* Assets.xcassets */,
				317F5DBD220578F500377DC9 /* LaunchScreen.storyboard */,
				317F5DC0220578F500377DC9 /* Info.plist */,
				317F5DCC220579E300377DC9 /* SetCardView.swift */,
				31DEF1D5220C262E0096B1D7 /* SetGridView.swift */,
			);
			path = set3;
			sourceTree = "<group>";
		};
/* End PBXGroup section */

/* Begin PBXNativeTarget section */
		317F5DB0220578F400377DC9 /* set3 */ = {
			isa = PBXNativeTarget;
			buildConfigurationList = 317F5DC3220578F500377DC9 /* Build configuration list for PBXNativeTarget "set3" */;
			buildPhases = (
				317F5DAD220578F400377DC9 /* Sources */,
				317F5DAE220578F400377DC9 /* Frameworks */,
				317F5DAF220578F400377DC9 /* Resources */,
			);
			buildRules = (
			);
			dependencies = (
			);
			name = set3;
			productName = set2;
			productReference = 317F5DB1220578F400377DC9 /* set3.app */;
			productType = "com.apple.product-type.application";
		};
/* End PBXNativeTarget section */

/* Begin PBXProject section */
		317F5DA9220578F400377DC9 /* Project object */ = {
			isa = PBXProject;
			attributes = {
				LastSwiftUpdateCheck = 1010;
				LastUpgradeCheck = 1010;
				ORGANIZATIONNAME = "Anthony Mackay";
				TargetAttributes = {
					317F5DB0220578F400377DC9 = {
						CreatedOnToolsVersion = 10.1;
					};
				};
			};
			buildConfigurationList = 317F5DAC220578F400377DC9 /* Build configuration list for PBXProject "set3" */;
			compatibilityVersion = "Xcode 9.3";
			developmentRegion = en;
			hasScannedForEncodings = 0;
			knownRegions = (
				en,
				Base,
			);
			mainGroup = 317F5DA8220578F400377DC9;
			productRefGroup = 317F5DB2220578F400377DC9 /* Products */;
			projectDirPath = "";
			projectRoot = "";
			targets = (
				317F5DB0220578F400377DC9 /* set3 */,
			);
		};
/* End PBXProject section */

/* Begin PBXResourcesBuildPhase section */
		317F5DAF220578F400377DC9 /* Resources */ = {
			isa = PBXResourcesBuildPhase;
			buildActionMask = 2147483647;
			files = (
				317F5DBF220578F500377DC9 /* LaunchScreen.storyboard in Resources */,
				317F5DBC220578F500377DC9 /* Assets.xcassets in Resources */,
				317F5DBA220578F400377DC9 /* Main.storyboard in Resources */,
			);
			runOnlyForDeploymentPostprocessing = 0;
		};
/* End PBXResourcesBuildPhase section */

/* Begin PBXSourcesBuildPhase section */
		317F5DAD220578F400377DC9 /* Sources */ = {
			isa = PBXSourcesBuildPhase;
			buildActionMask = 2147483647;
			files = (
				317F5DB7220578F400377DC9 /* SetViewController.swift in Sources */,
				317F5DCD220579E300377DC9 /* SetCardView.swift in Sources */,
				316F3928222544D700364CA0 /* ConcentrationViewController.swift in Sources */,
				317F5DC92205792800377DC9 /* SetCard.swift in Sources */,
				31DEF1D6220C262E0096B1D7 /* SetGridView.swift in Sources */,
				317F5DCB2205792800377DC9 /* SetGame.swift in Sources */,
				317F5DB5220578F400377DC9 /* AppDelegate.swift in Sources */,
				317F5DCA2205792800377DC9 /* Grid.swift in Sources */,
				316F3926222543E700364CA0 /* ConcentrationGame.swift in Sources */,
				316F392E2225472800364CA0 /* ConcentrationCard.swift in Sources */,
				31C13E38222B6A28005A0AE6 /* ConcentrationThemeChooserViewController.swift in Sources */,
			);
			runOnlyForDeploymentPostprocessing = 0;
		};
/* End PBXSourcesBuildPhase section */

/* Begin PBXVariantGroup section */
		317F5DB8220578F400377DC9 /* Main.storyboard */ = {
			isa = PBXVariantGroup;
			children = (
				317F5DB9220578F400377DC9 /* Base */,
			);
			name = Main.storyboard;
			sourceTree = "<group>";
		};
		317F5DBD220578F500377DC9 /* LaunchScreen.storyboard */ = {
			isa = PBXVariantGroup;
			children = (
				317F5DBE220578F500377DC9 /* Base */,
			);
			name = LaunchScreen.storyboard;
			sourceTree = "<group>";
		};
/* End PBXVariantGroup section */

/* Begin XCBuildConfiguration section */
		317F5DC1220578F500377DC9 /* Debug */ = {
			isa = XCBuildConfiguration;
			buildSettings = {
				ALWAYS_SEARCH_USER_PATHS = NO;
				CLANG_ANALYZER_NONNULL = YES;
				CLANG_ANALYZER_NUMBER_OBJECT_CONVERSION = YES_AGGRESSIVE;
				CLANG_CXX_LANGUAGE_STANDARD = "gnu++14";
				CLANG_CXX_LIBRARY = "libc++";
				CLANG_ENABLE_MODULES = YES;
				CLANG_ENABLE_OBJC_ARC = YES;
				CLANG_ENABLE_OBJC_WEAK = YES;
				CLANG_WARN_BLOCK_CAPTURE_AUTORELEASING = YES;
				CLANG_WARN_BOOL_CONVERSION = YES;
				CLANG_WARN_COMMA = YES;
				CLANG_WARN_CONSTANT_CONVERSION = YES;
				CLANG_WARN_DEPRECATED_OBJC_IMPLEMENTATIONS = YES;
				CLANG_WARN_DIRECT_OBJC_ISA_USAGE = YES_ERROR;
				CLANG_WARN_DOCUMENTATION_COMMENTS = YES;
				CLANG_WARN_EMPTY_BODY = YES;
				CLANG_WARN_ENUM_CONVERSION = YES;
				CLANG_WARN_INFINITE_RECURSION = YES;
				CLANG_WARN_INT_CONVERSION = YES;
				CLANG_WARN_NON_LITERAL_NULL_CONVERSION = YES;
				CLANG_WARN_OBJC_IMPLICIT_RETAIN_SELF = YES;
				CLANG_WARN_OBJC_LITERAL_CONVERSION = YES;
				CLANG_WARN_OBJC_ROOT_CLASS = YES_ERROR;
				CLANG_WARN_RANGE_LOOP_ANALYSIS = YES;
				CLANG_WARN_STRICT_PROTOTYPES = YES;
				CLANG_WARN_SUSPICIOUS_MOVE = YES;
				CLANG_WARN_UNGUARDED_AVAILABILITY = YES_AGGRESSIVE;
				CLANG_WARN_UNREACHABLE_CODE = YES;
				CLANG_WARN__DUPLICATE_METHOD_MATCH = YES;
				CODE_SIGN_IDENTITY = "iPhone Developer";
				COPY_PHASE_STRIP = NO;
				DEBUG_INFORMATION_FORMAT = dwarf;
				ENABLE_STRICT_OBJC_MSGSEND = YES;
				ENABLE_TESTABILITY = YES;
				GCC_C_LANGUAGE_STANDARD = gnu11;
				GCC_DYNAMIC_NO_PIC = NO;
				GCC_NO_COMMON_BLOCKS = YES;
				GCC_OPTIMIZATION_LEVEL = 0;
				GCC_PREPROCESSOR_DEFINITIONS = (
					"DEBUG=1",
					"$(inherited)",
				);
				GCC_WARN_64_TO_32_BIT_CONVERSION = YES;
				GCC_WARN_ABOUT_RETURN_TYPE = YES_ERROR;
				GCC_WARN_UNDECLARED_SELECTOR = YES;
				GCC_WARN_UNINITIALIZED_AUTOS = YES_AGGRESSIVE;
				GCC_WARN_UNUSED_FUNCTION = YES;
				GCC_WARN_UNUSED_VARIABLE = YES;
				IPHONEOS_DEPLOYMENT_TARGET = 12.1;
				MTL_ENABLE_DEBUG_INFO = INCLUDE_SOURCE;
				MTL_FAST_MATH = YES;
				ONLY_ACTIVE_ARCH = YES;
				SDKROOT = iphoneos;
				SWIFT_ACTIVE_COMPILATION_CONDITIONS = DEBUG;
				SWIFT_OPTIMIZATION_LEVEL = "-Onone";
			};
			name = Debug;
		};
		317F5DC2220578F500377DC9 /* Release */ = {
			isa = XCBuildConfiguration;
			buildSettings = {
				ALWAYS_SEARCH_USER_PATHS = NO;
				CLANG_ANALYZER_NONNULL = YES;
				CLANG_ANALYZER_NUMBER_OBJECT_CONVERSION = YES_AGGRESSIVE;
				CLANG_CXX_LANGUAGE_STANDARD = "gnu++14";
				CLANG_CXX_LIBRARY = "libc++";
				CLANG_ENABLE_MODULES = YES;
				CLANG_ENABLE_OBJC_ARC = YES;
				CLANG_ENABLE_OBJC_WEAK = YES;
				CLANG_WARN_BLOCK_CAPTURE_AUTORELEASING = YES;
				CLANG_WARN_BOOL_CONVERSION = YES;
				CLANG_WARN_COMMA = YES;
				CLANG_WARN_CONSTANT_CONVERSION = YES;
				CLANG_WARN_DEPRECATED_OBJC_IMPLEMENTATIONS = YES;
				CLANG_WARN_DIRECT_OBJC_ISA_USAGE = YES_ERROR;
				CLANG_WARN_DOCUMENTATION_COMMENTS = YES;
				CLANG_WARN_EMPTY_BODY = YES;
				CLANG_WARN_ENUM_CONVERSION = YES;
				CLANG_WARN_INFINITE_RECURSION = YES;
				CLANG_WARN_INT_CONVERSION = YES;
				CLANG_WARN_NON_LITERAL_NULL_CONVERSION = YES;
				CLANG_WARN_OBJC_IMPLICIT_RETAIN_SELF = YES;
				CLANG_WARN_OBJC_LITERAL_CONVERSION = YES;
				CLANG_WARN_OBJC_ROOT_CLASS = YES_ERROR;
				CLANG_WARN_RANGE_LOOP_ANALYSIS = YES;
				CLANG_WARN_STRICT_PROTOTYPES = YES;
				CLANG_WARN_SUSPICIOUS_MOVE = YES;
				CLANG_WARN_UNGUARDED_AVAILABILITY = YES_AGGRESSIVE;
				CLANG_WARN_UNREACHABLE_CODE = YES;
				CLANG_WARN__DUPLICATE_METHOD_MATCH = YES;
				CODE_SIGN_IDENTITY = "iPhone Developer";
				COPY_PHASE_STRIP = NO;
				DEBUG_INFORMATION_FORMAT = "dwarf-with-dsym";
				ENABLE_NS_ASSERTIONS = NO;
				ENABLE_STRICT_OBJC_MSGSEND = YES;
				GCC_C_LANGUAGE_STANDARD = gnu11;
				GCC_NO_COMMON_BLOCKS = YES;
				GCC_WARN_64_TO_32_BIT_CONVERSION = YES;
				GCC_WARN_ABOUT_RETURN_TYPE = YES_ERROR;
				GCC_WARN_UNDECLARED_SELECTOR = YES;
				GCC_WARN_UNINITIALIZED_AUTOS = YES_AGGRESSIVE;
				GCC_WARN_UNUSED_FUNCTION = YES;
				GCC_WARN_UNUSED_VARIABLE = YES;
				IPHONEOS_DEPLOYMENT_TARGET = 12.1;
				MTL_ENABLE_DEBUG_INFO = NO;
				MTL_FAST_MATH = YES;
				SDKROOT = iphoneos;
				SWIFT_COMPILATION_MODE = wholemodule;
				SWIFT_OPTIMIZATION_LEVEL = "-O";
				VALIDATE_PRODUCT = YES;
			};
			name = Release;
		};
		317F5DC4220578F500377DC9 /* Debug */ = {
			isa = XCBuildConfiguration;
			buildSettings = {
				ASSETCATALOG_COMPILER_APPICON_NAME = AppIcon;
				CODE_SIGN_STYLE = Automatic;
				DEVELOPMENT_TEAM = HFC3T5BHKM;
				INFOPLIST_FILE = "$(SRCROOT)/set3/Info.plist";
				LD_RUNPATH_SEARCH_PATHS = (
					"$(inherited)",
					"@executable_path/Frameworks",
				);
				PRODUCT_BUNDLE_IDENTIFIER = au.com.stanfordcs193p.amackay.set2;
				PRODUCT_NAME = "$(TARGET_NAME)";
				SWIFT_VERSION = 4.2;
				TARGETED_DEVICE_FAMILY = "1,2";
			};
			name = Debug;
		};
		317F5DC5220578F500377DC9 /* Release */ = {
			isa = XCBuildConfiguration;
			buildSettings = {
				ASSETCATALOG_COMPILER_APPICON_NAME = AppIcon;
				CODE_SIGN_STYLE = Automatic;
				DEVELOPMENT_TEAM = HFC3T5BHKM;
				INFOPLIST_FILE = "$(SRCROOT)/set3/Info.plist";
				LD_RUNPATH_SEARCH_PATHS = (
					"$(inherited)",
					"@executable_path/Frameworks",
				);
				PRODUCT_BUNDLE_IDENTIFIER = au.com.stanfordcs193p.amackay.set2;
				PRODUCT_NAME = "$(TARGET_NAME)";
				SWIFT_VERSION = 4.2;
				TARGETED_DEVICE_FAMILY = "1,2";
			};
			name = Release;
		};
/* End XCBuildConfiguration section */

/* Begin XCConfigurationList section */
		317F5DAC220578F400377DC9 /* Build configuration list for PBXProject "set3" */ = {
			isa = XCConfigurationList;
			buildConfigurations = (
				317F5DC1220578F500377DC9 /* Debug */,
				317F5DC2220578F500377DC9 /* Release */,
			);
			defaultConfigurationIsVisible = 0;
			defaultConfigurationName = Release;
		};
		317F5DC3220578F500377DC9 /* Build configuration list for PBXNativeTarget "set3" */ = {
			isa = XCConfigurationList;
			buildConfigurations = (
				317F5DC4220578F500377DC9 /* Debug */,
				317F5DC5220578F500377DC9 /* Release */,
			);
			defaultConfigurationIsVisible = 0;
			defaultConfigurationName = Release;
		};
/* End XCConfigurationList section */
	};
	rootObject = 317F5DA9220578F400377DC9 /* Project object */;
}
